<?xml version="1.0" encoding="utf-8"?>
<Project ToolsVersion="4.0" xmlns="http://schemas.microsoft.com/developer/msbuild/2003">
  <ItemGroup>
    <Filter Include="Source Files">
      <UniqueIdentifier>{4FC737F1-C7A5-4376-A066-2A32D752A2FF}</UniqueIdentifier>
      <Extensions>cpp;c;cc;cxx;def;odl;idl;hpj;bat;asm;asmx</Extensions>
    </Filter>
    <Filter Include="Header Files">
      <UniqueIdentifier>{93995380-89BD-4b04-88EB-625FBE52EBFB}</UniqueIdentifier>
      <Extensions>h;hh;hpp;hxx;hm;inl;inc;ipp;xsd</Extensions>
    </Filter>
    <Filter Include="Resource Files">
      <UniqueIdentifier>{67DA6AB6-F800-4c08-8B7A-83BB121AAD01}</UniqueIdentifier>
      <Extensions>rc;ico;cur;bmp;dlg;rc2;rct;bin;rgs;gif;jpg;jpeg;jpe;resx;tiff;tif;png;wav;mfcribbon-ms</Extensions>
    </Filter>
    <Filter Include="Resource Files\Shaders">
      <UniqueIdentifier>{ec416cce-bb11-4438-8b7b-926ee8d00cf7}</UniqueIdentifier>
    </Filter>
    <Filter Include="Source Files\imgui">
      <UniqueIdentifier>{d8795da0-0a75-4b29-9348-04462fa2075c}</UniqueIdentifier>
    </Filter>
    <Filter Include="Source Files\Utility">
      <UniqueIdentifier>{098b041b-2e91-485f-a3a6-f87c06b4c0e2}</UniqueIdentifier>
    </Filter>
    <Filter Include="Header Files\Utility">
      <UniqueIdentifier>{3fda9803-a66a-4713-916e-378e3fae66c1}</UniqueIdentifier>
    </Filter>
    <Filter Include="Source Files\Game">
      <UniqueIdentifier>{42b81680-22b9-4033-9ef8-57354d6d299b}</UniqueIdentifier>
    </Filter>
    <Filter Include="Header Files\Game">
      <UniqueIdentifier>{97c9bb33-adf7-4f88-9125-dc7c0fa11412}</UniqueIdentifier>
    </Filter>
  </ItemGroup>
  <ItemGroup>
    <ClCompile Include="..\..\..\..\..\..\..\MaLibs\OpenGL\GLAD\src\glad.c">
      <Filter>Source Files</Filter>
    </ClCompile>
    <ClCompile Include="main.cpp">
      <Filter>Source Files</Filter>
    </ClCompile>
    <ClCompile Include="Imgui\imgui.cpp">
      <Filter>Source Files\imgui</Filter>
    </ClCompile>
    <ClCompile Include="Imgui\imgui_demo.cpp">
      <Filter>Source Files\imgui</Filter>
    </ClCompile>
    <ClCompile Include="Imgui\imgui_draw.cpp">
      <Filter>Source Files\imgui</Filter>
    </ClCompile>
    <ClCompile Include="Imgui\imgui_widgets.cpp">
      <Filter>Source Files\imgui</Filter>
    </ClCompile>
    <ClCompile Include="Imgui\imgui_impl_glfw.cpp">
      <Filter>Source Files\imgui</Filter>
    </ClCompile>
    <ClCompile Include="Imgui\imgui_impl_opengl3.cpp">
      <Filter>Source Files\imgui</Filter>
    </ClCompile>
    <ClCompile Include="Shader.h">
      <Filter>Header Files\Utility</Filter>
    </ClCompile>
    <ClCompile Include="Utility\CheckCin.cpp">
      <Filter>Source Files\Utility</Filter>
    </ClCompile>
    <ClCompile Include="Utility\PRNG.cpp">
      <Filter>Source Files\Utility</Filter>
    </ClCompile>
    <ClCompile Include="Shader.cpp">
      <Filter>Source Files\Utility</Filter>
    </ClCompile>
    <ClCompile Include="Texture.cpp">
      <Filter>Source Files\Utility</Filter>
    </ClCompile>
    <ClCompile Include="Utility\Timer.cpp">
      <Filter>Source Files\Utility</Filter>
    </ClCompile>
    <ClCompile Include="GameLevel.cpp">
      <Filter>Source Files\Game</Filter>
    </ClCompile>
    <ClCompile Include="GameObject.cpp">
      <Filter>Source Files\Utility</Filter>
    </ClCompile>
    <ClCompile Include="ResourceManager.cpp">
      <Filter>Source Files\Utility</Filter>
    </ClCompile>
    <ClCompile Include="SpriteRenderer.cpp">
      <Filter>Source Files\Utility</Filter>
    </ClCompile>
    <ClCompile Include="Game.cpp">
      <Filter>Source Files\Game</Filter>
    </ClCompile>
    <ClCompile Include="BallObject.cpp">
      <Filter>Source Files\Game</Filter>
    </ClCompile>
    <ClCompile Include="Particle.cpp">
      <Filter>Source Files\Utility</Filter>
    </ClCompile>
    <ClCompile Include="PostProcessor.cpp">
      <Filter>Source Files\Utility</Filter>
    </ClCompile>
    <ClCompile Include="PowerUp.cpp">
      <Filter>Source Files\Game</Filter>
    </ClCompile>
    <ClCompile Include="TextRenderer.cpp">
      <Filter>Source Files\Utility</Filter>
    </ClCompile>
  </ItemGroup>
  <ItemGroup>
    <ClInclude Include="Imgui\imconfig.h">
      <Filter>Source Files\imgui</Filter>
    </ClInclude>
    <ClInclude Include="Imgui\imgui.h">
      <Filter>Source Files\imgui</Filter>
    </ClInclude>
    <ClInclude Include="Imgui\imgui_internal.h">
      <Filter>Source Files\imgui</Filter>
    </ClInclude>
    <ClInclude Include="Imgui\imstb_rectpack.h">
      <Filter>Source Files\imgui</Filter>
    </ClInclude>
    <ClInclude Include="Imgui\imstb_textedit.h">
      <Filter>Source Files\imgui</Filter>
    </ClInclude>
    <ClInclude Include="Imgui\imstb_truetype.h">
      <Filter>Source Files\imgui</Filter>
    </ClInclude>
    <ClInclude Include="Imgui\imgui_impl_glfw.h">
      <Filter>Source Files\imgui</Filter>
    </ClInclude>
    <ClInclude Include="Imgui\imgui_impl_opengl3.h">
      <Filter>Source Files\imgui</Filter>
    </ClInclude>
    <ClInclude Include="Utility\Headers\CheckCin.h">
      <Filter>Header Files\Utility</Filter>
    </ClInclude>
    <ClInclude Include="Utility\Headers\PRNG.h">
      <Filter>Header Files\Utility</Filter>
    </ClInclude>
    <ClInclude Include="ResourceManager.h">
      <Filter>Header Files\Utility</Filter>
    </ClInclude>
    <ClInclude Include="Texture.h">
      <Filter>Header Files\Utility</Filter>
    </ClInclude>
    <ClInclude Include="Utility\Headers\Timer.h">
      <Filter>Header Files\Utility</Filter>
    </ClInclude>
    <ClInclude Include="SpriteRenderer.h">
      <Filter>Header Files\Utility</Filter>
    </ClInclude>
    <ClInclude Include="Model.h">
      <Filter>Header Files\Utility</Filter>
    </ClInclude>
    <ClInclude Include="Mesh.h">
      <Filter>Header Files\Utility</Filter>
    </ClInclude>
    <ClInclude Include="stb_image.h">
      <Filter>Header Files\Utility</Filter>
    </ClInclude>
    <ClInclude Include="Camera.h">
      <Filter>Header Files\Utility</Filter>
    </ClInclude>
    <ClInclude Include="GameObject.h">
      <Filter>Header Files\Utility</Filter>
    </ClInclude>
    <ClInclude Include="GameLevel.h">
      <Filter>Header Files\Game</Filter>
    </ClInclude>
    <ClInclude Include="Game.h">
      <Filter>Header Files\Game</Filter>
    </ClInclude>
    <ClInclude Include="BallObject.h">
      <Filter>Header Files\Game</Filter>
    </ClInclude>
    <ClInclude Include="Particle.h">
      <Filter>Header Files\Utility</Filter>
    </ClInclude>
    <ClInclude Include="PostProcessor.h">
      <Filter>Header Files\Utility</Filter>
    </ClInclude>
    <ClInclude Include="PowerUp.h">
      <Filter>Header Files\Game</Filter>
    </ClInclude>
    <ClInclude Include="TextRenderer.h">
      <Filter>Header Files\Utility</Filter>
    </ClInclude>
  </ItemGroup>
  <ItemGroup>
    <None Include="shaders\shader.frag">
      <Filter>Resource Files\Shaders</Filter>
    </None>
    <None Include="shaders\shader.vert">
      <Filter>Resource Files\Shaders</Filter>
    </None>
    <None Include="shaders\color.frag">
      <Filter>Resource Files\Shaders</Filter>
    </None>
    <None Include="shaders\phong.frag">
      <Filter>Resource Files\Shaders</Filter>
    </None>
    <None Include="shaders\vertex.vert">
      <Filter>Resource Files\Shaders</Filter>
    </None>
    <None Include="shaders\gouraud.vert">
      <Filter>Resource Files\Shaders</Filter>
    </None>
    <None Include="shaders\gouraud.frag">
      <Filter>Resource Files\Shaders</Filter>
    </None>
    <None Include="shaders\material.frag">
      <Filter>Resource Files\Shaders</Filter>
    </None>
    <None Include="shaders\materialmap.frag">
      <Filter>Resource Files\Shaders</Filter>
    </None>
    <None Include="shaders\depth.frag">
      <Filter>Resource Files\Shaders</Filter>
    </None>
    <None Include="shaders\texture.frag">
      <Filter>Resource Files\Shaders</Filter>
    </None>
    <None Include="shaders\texture.vert">
      <Filter>Resource Files\Shaders</Filter>
    </None>
    <None Include="shaders\skybox.frag">
      <Filter>Resource Files\Shaders</Filter>
    </None>
    <None Include="shaders\skybox.vert">
      <Filter>Resource Files\Shaders</Filter>
    </None>
    <None Include="shaders\reflection.frag">
      <Filter>Resource Files\Shaders</Filter>
    </None>
    <None Include="shaders\reflection.vert">
      <Filter>Resource Files\Shaders</Filter>
    </None>
    <None Include="shaders\refraction.frag">
      <Filter>Resource Files\Shaders</Filter>
    </None>
    <None Include="shaders\geometry.geom">
      <Filter>Resource Files\Shaders</Filter>
    </None>
    <None Include="shaders\instencevertex.vert">
      <Filter>Resource Files\Shaders</Filter>
    </None>
    <None Include="shaders\shadowlight.vert">
      <Filter>Resource Files\Shaders</Filter>
    </None>
    <None Include="shaders\shadowlight.frag">
      <Filter>Resource Files\Shaders</Filter>
    </None>
    <None Include="shaders\shadowcubemap.frag">
      <Filter>Resource Files\Shaders</Filter>
    </None>
    <None Include="shaders\shadowcubemap.geom">
      <Filter>Resource Files\Shaders</Filter>
    </None>
    <None Include="shaders\shadowcubemap.vert">
      <Filter>Resource Files\Shaders</Filter>
    </None>
    <None Include="shaders\lightingcommon.glsl">
      <Filter>Resource Files\Shaders</Filter>
    </None>
    <None Include="shaders\blur.frag">
      <Filter>Resource Files\Shaders</Filter>
    </None>
    <None Include="shaders\gbuffershader.frag">
      <Filter>Resource Files\Shaders</Filter>
    </None>
    <None Include="shaders\gtexture.frag">
      <Filter>Resource Files\Shaders</Filter>
    </None>
    <None Include="shaders\ssaogbuffershader.frag">
      <Filter>Resource Files\Shaders</Filter>
    </None>
    <None Include="shaders\ssaoshader.frag">
      <Filter>Resource Files\Shaders</Filter>
    </None>
    <None Include="shaders\gviewspacelighting.frag">
      <Filter>Resource Files\Shaders</Filter>
    </None>
    <None Include="shaders\gworldspacelighting.frag">
      <Filter>Resource Files\Shaders</Filter>
    </None>
    <None Include="shaders\basiclighting.frag">
      <Filter>Resource Files\Shaders</Filter>
    </None>
    <None Include="shaders\ssaoblurshader.frag">
      <Filter>Resource Files\Shaders</Filter>
    </None>
    <None Include="shaders\ssaolighting.frag">
      <Filter>Resource Files\Shaders</Filter>
    </None>
    <None Include="shaders\font.frag">
      <Filter>Resource Files\Shaders</Filter>
    </None>
    <None Include="shaders\font.vert">
      <Filter>Resource Files\Shaders</Filter>
    </None>
    <None Include="shaders\sprite.frag">
      <Filter>Resource Files\Shaders</Filter>
    </None>
    <None Include="shaders\sprite.vert">
      <Filter>Resource Files\Shaders</Filter>
    </None>
    <None Include="shaders\particle.frag">
      <Filter>Resource Files\Shaders</Filter>
    </None>
    <None Include="shaders\particle.vert">
      <Filter>Resource Files\Shaders</Filter>
    </None>
  </ItemGroup>
</Project>